{
  "name": "hw1",
  "version": "1.0.0",
  "lockfileVersion": 1,
  "dependencies": {
    "big-integer": {
      "version": "1.6.25",
      "resolved": "https://registry.npmjs.org/big-integer/-/big-integer-1.6.25.tgz",
      "integrity": "sha1-HeRan1dUKsIBIcaC+NZCIgo06CM="
    },
    "bindings": {
      "version": "1.3.0",
      "resolved": "https://registry.npmjs.org/bindings/-/bindings-1.3.0.tgz",
      "integrity": "sha512-DpLh5EzMR2kzvX1KIlVC0VkC3iZtHKTgdtZ0a3pglBZdaQFjt5S9g9xd1lE+YvXyfd6mtCeRnrUfOLYiTMlNSw=="
    },
    "nan": {
      "version": "2.7.0",
      "resolved": "https://registry.npmjs.org/nan/-/nan-2.7.0.tgz",
      "integrity": "sha1-2Vv3IeyHfgjbJ27T/G63j5CDrUY="
    },
    "ursa": {
      "version": "0.9.4",
      "resolved": "https://registry.npmjs.org/ursa/-/ursa-0.9.4.tgz",
      "integrity": "sha1-Ciq/t9xCZ/czsPjy/H8siV1ApBM="
    }
  }
}
